{
  "name": "@activepieces/piece-forms",
  "version": "0.4.14",
  "lockfileVersion": 3,
  "requires": true,
  "packages": {
    "": {
      "name": "@activepieces/piece-forms",
      "version": "0.4.14",
      "dependencies": {
        "@activepieces/pieces-common": "file:../../common",
        "@activepieces/pieces-framework": "file:../../framework",
        "@activepieces/shared": "file:../../../shared",
        "http-status-codes": "2.2.0",
        "mime-types": "2.1.35",
        "tslib": "2.6.2"
      },
      "devDependencies": {
        "@types/mime-types": "2.1.1"
      }
    },
    "../../../shared": {
      "name": "@activepieces/shared",
      "version": "0.43.0",
      "dependencies": {
        "dayjs": "1.11.9",
        "deepmerge-ts": "7.1.0",
        "nanoid": "3.3.8",
        "semver": "7.6.0",
        "socket.io-client": "4.8.1",
        "tslib": "2.6.2",
        "zod": "4.3.6"
      },
      "devDependencies": {
        "@types/node": "24.11.0",
        "@types/semver": "7.5.6",
        "vitest": "3.0.8"
      }
    },
    "../../common": {
      "name": "@activepieces/pieces-common",
      "version": "0.12.0",
      "dependencies": {
        "@activepieces/pieces-framework": "file:../framework",
        "@activepieces/shared": "file:../../shared",
        "axios": "1.13.5",
        "axios-retry": "4.4.1",
        "form-data": "4.0.4",
        "mime-types": "2.1.35",
        "tslib": "2.6.2",
        "zod": "4.3.6"
      },
      "devDependencies": {
        "@types/mime-types": "2.1.1"
      }
    },
    "../../framework": {
      "name": "@activepieces/pieces-framework",
      "version": "0.26.0",
      "dependencies": {
        "@activepieces/shared": "file:../../shared",
        "ai": "^6.0.0",
        "semver": "7.6.0",
        "tslib": "2.6.2",
        "zod": "4.3.6"
      },
      "devDependencies": {
        "@types/semver": "7.5.6",
        "vitest": "3.0.8"
      }
    },
    "node_modules/@activepieces/pieces-common": {
      "resolved": "../../common",
      "link": true
    },
    "node_modules/@activepieces/pieces-framework": {
      "resolved": "../../framework",
      "link": true
    },
    "node_modules/@activepieces/shared": {
      "resolved": "../../../shared",
      "link": true
    },
    "node_modules/@types/mime-types": {
      "version": "2.1.1",
      "resolved": "https://registry.npmjs.org/@types/mime-types/-/mime-types-2.1.1.tgz",
      "integrity": "sha512-vXOTGVSLR2jMw440moWTC7H19iUyLtP3Z1YTj7cSsubOICinjMxFeb/V57v9QdyyPGbbWolUFSSmSiRSn94tFw==",
      "dev": true,
      "license": "MIT"
    },
    "node_modules/http-status-codes": {
      "version": "2.2.0",
      "resolved": "https://registry.npmjs.org/http-status-codes/-/http-status-codes-2.2.0.tgz",
      "integrity": "sha512-feERVo9iWxvnejp3SEfm/+oNG517npqL2/PIA8ORjyOZjGC7TwCRQsZylciLS64i6pJ0wRYz3rkXLRwbtFa8Ng==",
      "license": "MIT"
    },
    "node_modules/mime-db": {
      "version": "1.52.0",
      "resolved": "https://registry.npmjs.org/mime-db/-/mime-db-1.52.0.tgz",
      "integrity": "sha512-sPU4uV7dYlvtWJxwwxHD0PuihVNiE7TyAbQ5SWxDCB9mUYvOgroQOwYQQOKPJ8CIbE+1ETVlOoK1UC2nU3gYvg==",
      "license": "MIT",
      "engines": {
        "node": ">= 0.6"
      }
    },
    "node_modules/mime-types": {
      "version": "2.1.35",
      "resolved": "https://registry.npmjs.org/mime-types/-/mime-types-2.1.35.tgz",
      "integrity": "sha512-ZDY+bPm5zTTF+YpCrAU9nK0UgICYPT0QtT1NZWFv4s++TNkcgVaT0g6+4R2uI4MjQjzysHB1zxuWL50hzaeXiw==",
      "license": "MIT",
      "dependencies": {
        "mime-db": "1.52.0"
      },
      "engines": {
        "node": ">= 0.6"
      }
    },
    "node_modules/tslib": {
      "version": "2.6.2",
      "resolved": "https://registry.npmjs.org/tslib/-/tslib-2.6.2.tgz",
      "integrity": "sha512-AEYxH93jGFPn/a2iVAwW87VuUIkR1FVUKB77NwMF7nBTDkDrrT/Hpt/IrCJ0QXhW27jTBDcf5ZY7w6RiqTMw2Q==",
      "license": "0BSD"
    }
  }
}
